
Microsoft Visual Studio Solution File, Format Version 12.00
# Visual Studio Version 17
VisualStudioVersion = 17.8.34525.116
MinimumVisualStudioVersion = 10.0.40219.1
Project("{FAE04EC0-301F-11D3-BF4B-00C04F79EFBC}") = "LineAndDot", "LineAndDot\LineAndDot.csproj", "{088868C9-3AE1-4FF8-A21F-651115D4102D}"
EndProject
Global
	GlobalSection(SolutionConfigurationPlatforms) = preSolution
		Debug|Any CPU = Debug|Any CPU
		Release|Any CPU = Release|Any CPU
	EndGlobalSection
	GlobalSection(ProjectConfigurationPlatforms) = postSolution
		{088868C9-3AE1-4FF8-A21F-651115D4102D}.Debug|Any CPU.ActiveCfg = Debug|Any CPU
		{088868C9-3AE1-4FF8-A21F-651115D4102D}.Debug|Any CPU.Build.0 = Debug|Any CPU
		{088868C9-3AE1-4FF8-A21F-651115D4102D}.Release|Any CPU.ActiveCfg = Release|Any CPU
		{088868C9-3AE1-4FF8-A21F-651115D4102D}.Release|Any CPU.Build.0 = Release|Any CPU
	EndGlobalSection
	GlobalSection(SolutionProperties) = preSolution
		HideSolutionNode = FALSE
	EndGlobalSection
	GlobalSection(ExtensibilityGlobals) = postSolution
		SolutionGuid = {F27E3E58-34FB-488A-BD80-438EDF1C4691}
	EndGlobalSection
EndGlobal
